{
  "nodes": {
    "nixpkgs": {
      "locked": {
        "lastModified": 1696615536,
        "narHash": "sha256-ob3zJ+KwOgu+VWv0CmAXXVlSM4lwrwHfcC7fk9tNOVg=",
        "owner": "nixos",
        "repo": "nixpkgs",
        "rev": "272dba1e317fc8b1d3cb60f393d26c2c2e527e13",
        "type": "github"
      },
      "original": {
        "owner": "nixos",
        "repo": "nixpkgs",
        "type": "github"
      }
    },
    "nixpkgs-stable": {
      "locked": {
        "lastModified": 1696123266,
        "narHash": "sha256-S6MZEneQeE4M/E/C8SMnr7B7oBnjH/hbm96Kak5hAAI=",
        "owner": "NixOS",
        "repo": "nixpkgs",
        "rev": "dbe90e63a36762f1fbde546e26a84af774a32455",
        "type": "github"
      },
      "original": {
        "owner": "NixOS",
        "ref": "release-23.05",
        "repo": "nixpkgs",
        "type": "github"
      }
    },
    "root": {
      "inputs": {
        "nixpkgs": "nixpkgs",
        "sops-nix": "sops-nix"
      }
    },
    "sops-nix": {
      "inputs": {
        "nixpkgs": [
          "nixpkgs"
        ],
        "nixpkgs-stable": "nixpkgs-stable"
      },
      "locked": {
        "lastModified": 1696320910,
        "narHash": "sha256-fbuEc6wylH+0VxG48lhPBK+SQJHfo2lusUwWHZNipIM=",
        "owner": "Mic92",
        "repo": "sops-nix",
        "rev": "746c7fa1a64c1671a4bf287737c27fdc7101c4c2",
        "type": "github"
      },
      "original": {
        "owner": "Mic92",
        "repo": "sops-nix",
        "type": "github"
      }
    }
  },
  "root": "root",
  "version": 7
}
