{
  "nodes": {
    "home-manager": {
      "inputs": {
        "nixpkgs": [
          "nixpkgs"
        ]
      },
      "locked": {
        "lastModified": 1693399033,
        "narHash": "sha256-yXhiMo8MnE86sGtPIHAKaLHhmhe8v9tqGGotlUgKJvY=",
        "owner": "nix-community",
        "repo": "home-manager",
        "rev": "f5c15668f9842dd4d5430787d6aa8a28a07f7c10",
        "type": "github"
      },
      "original": {
        "owner": "nix-community",
        "ref": "master",
        "repo": "home-manager",
        "type": "github"
      }
    },
    "nixpkgs": {
      "locked": {
        "lastModified": 1693537891,
        "narHash": "sha256-djrWi+Qkj033Py+pWZZriUcWKFtfQJcrO0JZXiFXUTk=",
        "owner": "nixos",
        "repo": "nixpkgs",
        "rev": "9d33ec806554aa74a6415a9e1e3b5b78e0af26d1",
        "type": "github"
      },
      "original": {
        "owner": "nixos",
        "repo": "nixpkgs",
        "type": "github"
      }
    },
    "nixpkgs-stable": {
      "locked": {
        "lastModified": 1693097136,
        "narHash": "sha256-fBZSMdBaoZ0INFbyZ5s0DOF7zDNcLsLxgkwdDh3l9Pc=",
        "owner": "NixOS",
        "repo": "nixpkgs",
        "rev": "9117c4e9dc117a6cd0319cca40f2349ed333669d",
        "type": "github"
      },
      "original": {
        "owner": "NixOS",
        "ref": "release-23.05",
        "repo": "nixpkgs",
        "type": "github"
      }
    },
    "root": {
      "inputs": {
        "home-manager": "home-manager",
        "nixpkgs": "nixpkgs",
        "sops-nix": "sops-nix"
      }
    },
    "sops-nix": {
      "inputs": {
        "nixpkgs": [
          "nixpkgs"
        ],
        "nixpkgs-stable": "nixpkgs-stable"
      },
      "locked": {
        "lastModified": 1693404499,
        "narHash": "sha256-cx/7yvM/AP+o/3wPJmA9W9F+WHemJk5t+Xcr+Qwkqhg=",
        "owner": "Mic92",
        "repo": "sops-nix",
        "rev": "d9c5dc41c4b1f74c77f0dbffd0f3a4ebde447b7a",
        "type": "github"
      },
      "original": {
        "owner": "Mic92",
        "repo": "sops-nix",
        "type": "github"
      }
    }
  },
  "root": "root",
  "version": 7
}
